
Microsoft Visual Studio Solution File, Format Version 12.00
# Visual Studio 15
VisualStudioVersion = 15.0.28010.2016
MinimumVisualStudioVersion = 10.0.40219.1
Project("{FAE04EC0-301F-11D3-BF4B-00C04F79EFBC}") = "LoadData", "LoadData\LoadData.csproj", "{6CABEFEF-A153-47B8-B8BC-E4A96C59901C}"
EndProject
Global
	GlobalSection(SolutionConfigurationPlatforms) = preSolution
		Debug|Any CPU = Debug|Any CPU
		Release|Any CPU = Release|Any CPU
	EndGlobalSection
	GlobalSection(ProjectConfigurationPlatforms) = postSolution
		{6CABEFEF-A153-47B8-B8BC-E4A96C59901C}.Debug|Any CPU.ActiveCfg = Debug|Any CPU
		{6CABEFEF-A153-47B8-B8BC-E4A96C59901C}.Debug|Any CPU.Build.0 = Debug|Any CPU
		{6CABEFEF-A153-47B8-B8BC-E4A96C59901C}.Release|Any CPU.ActiveCfg = Release|Any CPU
		{6CABEFEF-A153-47B8-B8BC-E4A96C59901C}.Release|Any CPU.Build.0 = Release|Any CPU
	EndGlobalSection
	GlobalSection(SolutionProperties) = preSolution
		HideSolutionNode = FALSE
	EndGlobalSection
	GlobalSection(ExtensibilityGlobals) = postSolution
		SolutionGuid = {E573F76B-CBAC-4EF8-BBAD-0D05349A1EA1}
	EndGlobalSection
EndGlobal
